
Microsoft Visual Studio Solution File, Format Version 12.00
# Visual Studio Version 16
VisualStudioVersion = 16.0.30413.136
MinimumVisualStudioVersion = 10.0.40219.1
Project("{FAE04EC0-301F-11D3-BF4B-00C04F79EFBC}") = "Test.GitHub", "Test.GitHub\Test.GitHub.csproj", "{7282F3DF-A014-45A7-98E4-F4FEAE77EF7C}"
EndProject
Global
	GlobalSection(SolutionConfigurationPlatforms) = preSolution
		Debug|Any CPU = Debug|Any CPU
		Release|Any CPU = Release|Any CPU
	EndGlobalSection
	GlobalSection(ProjectConfigurationPlatforms) = postSolution
		{7282F3DF-A014-45A7-98E4-F4FEAE77EF7C}.Debug|Any CPU.ActiveCfg = Debug|Any CPU
		{7282F3DF-A014-45A7-98E4-F4FEAE77EF7C}.Debug|Any CPU.Build.0 = Debug|Any CPU
		{7282F3DF-A014-45A7-98E4-F4FEAE77EF7C}.Release|Any CPU.ActiveCfg = Release|Any CPU
		{7282F3DF-A014-45A7-98E4-F4FEAE77EF7C}.Release|Any CPU.Build.0 = Release|Any CPU
	EndGlobalSection
	GlobalSection(SolutionProperties) = preSolution
		HideSolutionNode = FALSE
	EndGlobalSection
	GlobalSection(ExtensibilityGlobals) = postSolution
		SolutionGuid = {71288596-83A3-42DE-A58A-5709E84F1623}
	EndGlobalSection
EndGlobal
